hash: 88385cb9a02f0d762744e9db2f54448e6c03920a498962d6620026c1e85a38b5
updated: 2016-07-10T23:17:32.756028499+02:00
imports:
- name: github.com/andybalholm/cascadia
  version: 3ad29d1ad1c4f2023e355603324348cf1f4b2d48
- name: github.com/fatih/color
  version: 87d4004f2ab62d0d255e0a38f1680aa534549fe3
- name: github.com/inconshreveable/mousetrap
  version: 76626ae9c91c4f2a10f34cad8ce83ea42c93bb75
- name: github.com/jaytaylor/html2text
  version: 52d9b785554a1918cb09909b89a1509a98b853fd
- name: github.com/mattn/go-colorable
  version: 9056b7a9f2d1f2d96498d6d146acd1f9d5ed3d59
- name: github.com/mattn/go-isatty
  version: 56b76bdf51f7708750eac80fa38b952bb9f32639
- name: github.com/PuerkitoBio/goquery
  version: f0d75731e0db647903c8611d00c7b85002751317
- name: github.com/Sirupsen/logrus
  version: f3cfb454f4c209e6668c95216c4744b8fddb2356
- name: github.com/spf13/cobra
  version: a272c3cbd5ff80a5bf5c5603df50183f9f3f7324
- name: github.com/spf13/pflag
  version: 367864438f1b1a3c7db4da06a2f55b144e6784e0
- name: github.com/stretchr/testify
  version: d77da356e56a7428ad25149ca77381849a6a5232
- name: golang.org/x/net
  version: f841c39de738b1d0df95b5a7187744f0e03d8112
  subpackages:
  - html
  - html/atom
- name: golang.org/x/sys
  version: a408501be4d17ee978c04a618e7a1b22af058c0e
  subpackages:
  - unix
devImports: []
