# This file is autogenerated, do not edit; changes may be undone by the next 'dep ensure'.


[[projects]]
  name = "github.com/PuerkitoBio/goquery"
  packages = ["."]
  revision = "f0d75731e0db647903c8611d00c7b85002751317"

[[projects]]
  name = "github.com/Sirupsen/logrus"
  packages = ["."]
  revision = "f3cfb454f4c209e6668c95216c4744b8fddb2356"

[[projects]]
  name = "github.com/andybalholm/cascadia"
  packages = ["."]
  revision = "3ad29d1ad1c4f2023e355603324348cf1f4b2d48"

[[projects]]
  name = "github.com/davecgh/go-spew"
  packages = ["spew"]
  revision = "346938d642f2ec3594ed81d874461961cd0faa76"
  version = "v1.1.0"

[[projects]]
  name = "github.com/fatih/color"
  packages = ["."]
  revision = "87d4004f2ab62d0d255e0a38f1680aa534549fe3"
  version = "v1.0.0"

[[projects]]
  name = "github.com/inconshreveable/mousetrap"
  packages = ["."]
  revision = "76626ae9c91c4f2a10f34cad8ce83ea42c93bb75"
  version = "v1.0"

[[projects]]
  name = "github.com/jaytaylor/html2text"
  packages = ["."]
  revision = "52d9b785554a1918cb09909b89a1509a98b853fd"

[[projects]]
  name = "github.com/mattn/go-colorable"
  packages = ["."]
  revision = "9056b7a9f2d1f2d96498d6d146acd1f9d5ed3d59"
  version = "v0.0.5"

[[projects]]
  name = "github.com/mattn/go-isatty"
  packages = ["."]
  revision = "56b76bdf51f7708750eac80fa38b952bb9f32639"

[[projects]]
  name = "github.com/pmezard/go-difflib"
  packages = ["difflib"]
  revision = "792786c7400a136282c1664665ae0a8db921c6c2"
  version = "v1.0.0"

[[projects]]
  name = "github.com/spf13/cobra"
  packages = ["."]
  revision = "a272c3cbd5ff80a5bf5c5603df50183f9f3f7324"

[[projects]]
  name = "github.com/spf13/pflag"
  packages = ["."]
  revision = "367864438f1b1a3c7db4da06a2f55b144e6784e0"

[[projects]]
  name = "github.com/stretchr/testify"
  packages = ["assert"]
  revision = "d77da356e56a7428ad25149ca77381849a6a5232"

[[projects]]
  name = "golang.org/x/net"
  packages = ["html","html/atom"]
  revision = "f841c39de738b1d0df95b5a7187744f0e03d8112"

[[projects]]
  name = "golang.org/x/sys"
  packages = ["unix"]
  revision = "a408501be4d17ee978c04a618e7a1b22af058c0e"

[solve-meta]
  analyzer-name = "dep"
  analyzer-version = 1
  inputs-digest = "551c0c7ad94e4fa2e3e28cf1c06798f32c7b1a55463369db69800085ac5c4a98"
  solver-name = "gps-cdcl"
  solver-version = 1
